{
  "name": "grain-engine",
  "version": "0.1.0",
  "lockfileVersion": 3,
  "requires": true,
  "packages": {
    "": {
      "name": "grain-engine",
      "version": "0.1.0",
      "license": "MIT",
      "bin": {
        "grain": "bin/grain.mjs"
      },
      "devDependencies": {
        "@tree-sitter-grammars/tree-sitter-kotlin": "^1.1.0",
        "@tree-sitter-grammars/tree-sitter-lua": "^0.4.1",
        "@tree-sitter-grammars/tree-sitter-zig": "^1.1.2",
        "tree-sitter-bash": "^0.25.1",
        "tree-sitter-c": "^0.24.1",
        "tree-sitter-c-sharp": "^0.23.5",
        "tree-sitter-cpp": "^0.23.4",
        "tree-sitter-go": "^0.25.0",
        "tree-sitter-groovy": "^0.1.2",
        "tree-sitter-java": "^0.23.5",
        "tree-sitter-javascript": "^0.25.0",
        "tree-sitter-php": "^0.24.2",
        "tree-sitter-python": "^0.25.0",
        "tree-sitter-ruby": "^0.23.1",
        "tree-sitter-rust": "^0.24.0",
        "tree-sitter-scala": "^0.24.0",
        "tree-sitter-solidity": "^1.2.13",
        "tree-sitter-swift": "^0.7.1",
        "tree-sitter-typescript": "^0.23.2",
        "web-tree-sitter": "^0.26.13"
      },
      "engines": {
        "node": ">=22"
      }
    },
    "node_modules/@tree-sitter-grammars/tree-sitter-kotlin": {
      "version": "1.1.0",
      "resolved": "https://registry.npmjs.org/@tree-sitter-grammars/tree-sitter-kotlin/-/tree-sitter-kotlin-1.1.0.tgz",
      "integrity": "sha512-vlVXaxEE8t2kpJgfZpa8XVvxcnKw9AYtRTgy7KWjsDmAsadk06RxAT80IXOgGQnmM9i/orQn1nD84gPNUHu6DQ==",
      "dev": true,
      "hasInstallScript": true,
      "license": "MIT",
      "dependencies": {
        "node-addon-api": "^8.3.0",
        "node-gyp-build": "^4.8.4",
        "npm-check-updates": "^17.1.13"
      },
      "peerDependencies": {
        "tree-sitter": "^0.22.4"
      },
      "peerDependenciesMeta": {
        "tree-sitter": {
          "optional": true
        }
      }
    },
    "node_modules/@tree-sitter-grammars/tree-sitter-lua": {
      "version": "0.4.1",
      "resolved": "https://registry.npmjs.org/@tree-sitter-grammars/tree-sitter-lua/-/tree-sitter-lua-0.4.1.tgz",
      "integrity": "sha512-EwagFaU6ZveVk18/Y8qUhZkkiBKnQ7dSCHbm//TUroLVKy3i1rOYGy/cNHtSkAb1eDvS1HhCLybH2S541Cya/g==",
      "dev": true,
      "hasInstallScript": true,
      "license": "MIT",
      "dependencies": {
        "node-addon-api": "^8.5.0",
        "node-gyp-build": "^4.8.4"
      },
      "peerDependencies": {
        "tree-sitter": "^0.22.4"
      },
      "peerDependenciesMeta": {
        "tree-sitter": {
          "optional": true
        }
      }
    },
    "node_modules/@tree-sitter-grammars/tree-sitter-zig": {
      "version": "1.1.2",
      "resolved": "https://registry.npmjs.org/@tree-sitter-grammars/tree-sitter-zig/-/tree-sitter-zig-1.1.2.tgz",
      "integrity": "sha512-J0L31HZ2isy3F5zb2g5QWQOv2r/pbruQNL9ADhuQv2pn5BQOzxt80WcEJaYXBeuJ8GHxVT42slpCna8k1c8LOw==",
      "dev": true,
      "hasInstallScript": true,
      "license": "MIT",
      "dependencies": {
        "node-addon-api": "^8.3.0",
        "node-gyp-build": "^4.8.4"
      },
      "peerDependencies": {
        "tree-sitter": "^0.22.1"
      },
      "peerDependenciesMeta": {
        "tree-sitter": {
          "optional": true
        }
      }
    },
    "node_modules/isexe": {
      "version": "2.0.0",
      "resolved": "https://registry.npmjs.org/isexe/-/isexe-2.0.0.tgz",
      "integrity": "sha512-RHxMLp9lnKHGHRng9QFhRCMbYAcVpn69smSGcq3f36xjgVVWThj4qqLbTLlq7Ssj8B+fIQ1EuCEGI2lKsyQeIw==",
      "dev": true,
      "license": "ISC"
    },
    "node_modules/node-addon-api": {
      "version": "8.9.2",
      "resolved": "https://registry.npmjs.org/node-addon-api/-/node-addon-api-8.9.2.tgz",
      "integrity": "sha512-VijLXbi3UACN69I0JVXJsX4tjACjNoQDgv2gTF6sx2wWEi8tkSg2eX8p5gSIFi8z2+DL3oHmY6OyKce38SDolg==",
      "dev": true,
      "license": "MIT",
      "engines": {
        "node": "^18 || ^20 || >= 21"
      }
    },
    "node_modules/node-gyp-build": {
      "version": "4.8.4",
      "resolved": "https://registry.npmjs.org/node-gyp-build/-/node-gyp-build-4.8.4.tgz",
      "integrity": "sha512-LA4ZjwlnUblHVgq0oBF3Jl/6h/Nvs5fzBLwdEF4nuxnFdsfajde4WfxtJr3CaiH+F6ewcIB/q4jQ4UzPyid+CQ==",
      "dev": true,
      "license": "MIT",
      "bin": {
        "node-gyp-build": "bin.js",
        "node-gyp-build-optional": "optional.js",
        "node-gyp-build-test": "build-test.js"
      }
    },
    "node_modules/npm-check-updates": {
      "version": "17.1.18",
      "resolved": "https://registry.npmjs.org/npm-check-updates/-/npm-check-updates-17.1.18.tgz",
      "integrity": "sha512-bkUy2g4v1i+3FeUf5fXMLbxmV95eG4/sS7lYE32GrUeVgQRfQEk39gpskksFunyaxQgTIdrvYbnuNbO/pSUSqw==",
      "dev": true,
      "license": "Apache-2.0",
      "bin": {
        "ncu": "build/cli.js",
        "npm-check-updates": "build/cli.js"
      },
      "engines": {
        "node": "^18.18.0 || >=20.0.0",
        "npm": ">=8.12.1"
      }
    },
    "node_modules/tree-sitter-bash": {
      "version": "0.25.1",
      "resolved": "https://registry.npmjs.org/tree-sitter-bash/-/tree-sitter-bash-0.25.1.tgz",
      "integrity": "sha512-7hMytuYIMoXOq24yRulgIxthE9YmggZIOHCyPTTuJcu6EU54tYD+4G39cUb28kxC6jMf/AbPfWGLQtgPTdh3xw==",
      "dev": true,
      "hasInstallScript": true,
      "license": "MIT",
      "dependencies": {
        "node-addon-api": "^8.2.1",
        "node-gyp-build": "^4.8.2"
      },
      "peerDependencies": {
        "tree-sitter": "^0.25.0"
      },
      "peerDependenciesMeta": {
        "tree-sitter": {
          "optional": true
        }
      }
    },
    "node_modules/tree-sitter-c": {
      "version": "0.24.1",
      "resolved": "https://registry.npmjs.org/tree-sitter-c/-/tree-sitter-c-0.24.1.tgz",
      "integrity": "sha512-lkYwWN3SRecpvaeqmFKkuPNR3ZbtnvHU+4XAEEkJdrp3JfSp2pBrhXOtvfsENUneye76g889Y0ddF2DM0gEDpA==",
      "dev": true,
      "hasInstallScript": true,
      "license": "MIT",
      "dependencies": {
        "node-addon-api": "^8.3.1",
        "node-gyp-build": "^4.8.4"
      },
      "peerDependencies": {
        "tree-sitter": "^0.22.4"
      },
      "peerDependenciesMeta": {
        "tree-sitter": {
          "optional": true
        }
      }
    },
    "node_modules/tree-sitter-c-sharp": {
      "version": "0.23.5",
      "resolved": "https://registry.npmjs.org/tree-sitter-c-sharp/-/tree-sitter-c-sharp-0.23.5.tgz",
      "integrity": "sha512-xJGOeXPMmld0nES5+080N/06yY6LQi+KWGWV4LfZaZe6srJPtUtfhIbRSN7EZN6IaauzW28v6W4QHFwmeUW6HQ==",
      "dev": true,
      "hasInstallScript": true,
      "license": "MIT",
      "dependencies": {
        "node-addon-api": "^8.2.2",
        "node-gyp-build": "^4.8.4"
      },
      "peerDependencies": {
        "tree-sitter": "^0.25.0"
      },
      "peerDependenciesMeta": {
        "tree-sitter": {
          "optional": true
        }
      }
    },
    "node_modules/tree-sitter-cli": {
      "version": "0.23.2",
      "resolved": "https://registry.npmjs.org/tree-sitter-cli/-/tree-sitter-cli-0.23.2.tgz",
      "integrity": "sha512-kPPXprOqREX+C/FgUp2Qpt9jd0vSwn+hOgjzVv/7hapdoWpa+VeWId53rf4oNNd29ikheF12BYtGD/W90feMbA==",
      "dev": true,
      "hasInstallScript": true,
      "license": "MIT",
      "bin": {
        "tree-sitter": "cli.js"
      },
      "engines": {
        "node": ">=12.0.0"
      }
    },
    "node_modules/tree-sitter-cpp": {
      "version": "0.23.4",
      "resolved": "https://registry.npmjs.org/tree-sitter-cpp/-/tree-sitter-cpp-0.23.4.tgz",
      "integrity": "sha512-qR5qUDyhZ5jJ6V8/umiBxokRbe89bCGmcq/dk94wI4kN86qfdV8k0GHIUEKaqWgcu42wKal5E97LKpLeVW8sKw==",
      "dev": true,
      "hasInstallScript": true,
      "license": "MIT",
      "dependencies": {
        "node-addon-api": "^8.2.1",
        "node-gyp-build": "^4.8.2",
        "tree-sitter-c": "^0.23.1"
      },
      "peerDependencies": {
        "tree-sitter": "^0.21.1"
      },
      "peerDependenciesMeta": {
        "tree-sitter": {
          "optional": true
        }
      }
    },
    "node_modules/tree-sitter-cpp/node_modules/tree-sitter-c": {
      "version": "0.23.6",
      "resolved": "https://registry.npmjs.org/tree-sitter-c/-/tree-sitter-c-0.23.6.tgz",
      "integrity": "sha512-0dxXKznVyUA0s6PjNolJNs2yF87O5aL538A/eR6njA5oqX3C3vH4vnx3QdOKwuUdpKEcFdHuiDpRKLLCA/tjvQ==",
      "dev": true,
      "hasInstallScript": true,
      "license": "MIT",
      "dependencies": {
        "node-addon-api": "^8.3.0",
        "node-gyp-build": "^4.8.4"
      },
      "peerDependencies": {
        "tree-sitter": "^0.22.1"
      },
      "peerDependenciesMeta": {
        "tree-sitter": {
          "optional": true
        }
      }
    },
    "node_modules/tree-sitter-go": {
      "version": "0.25.0",
      "resolved": "https://registry.npmjs.org/tree-sitter-go/-/tree-sitter-go-0.25.0.tgz",
      "integrity": "sha512-APBc/Dq3xz/e35Xpkhb1blu5UgW+2E3RyGWawZSCNcbGwa7jhSQPS8KsUupuzBla8PCo8+lz9W/JDJjmfRa2tw==",
      "dev": true,
      "hasInstallScript": true,
      "license": "MIT",
      "dependencies": {
        "node-addon-api": "^8.3.1",
        "node-gyp-build": "^4.8.4"
      },
      "peerDependencies": {
        "tree-sitter": "^0.25.0"
      },
      "peerDependenciesMeta": {
        "tree-sitter": {
          "optional": true
        }
      }
    },
    "node_modules/tree-sitter-groovy": {
      "version": "0.1.2",
      "resolved": "https://registry.npmjs.org/tree-sitter-groovy/-/tree-sitter-groovy-0.1.2.tgz",
      "integrity": "sha512-4dDUP3XKMwKfDCkm50EmUGPHblyPw0oXTv2ce0VrVYv8erxntsM3WTThC+vZgYT2yh+rYbbDVLsjvfGnHJQ8aw==",
      "dev": true,
      "hasInstallScript": true,
      "license": "MIT",
      "dependencies": {
        "node-addon-api": "^8.2.2",
        "node-gyp-build": "^4.8.3",
        "tree-sitter-java": "0.23.4"
      },
      "peerDependencies": {
        "tree-sitter": "^0.21.1"
      },
      "peerDependenciesMeta": {
        "tree-sitter": {
          "optional": true
        }
      }
    },
    "node_modules/tree-sitter-groovy/node_modules/tree-sitter-java": {
      "version": "0.23.4",
      "resolved": "https://registry.npmjs.org/tree-sitter-java/-/tree-sitter-java-0.23.4.tgz",
      "integrity": "sha512-WmqZPzvaHpAcAdJBjwMFwusL+ahp2Liv6T0ASWU7sxGZGceSdP5MpW+2DwLNOiWld39C1WR+9qk99hk4qHK5vw==",
      "dev": true,
      "hasInstallScript": true,
      "license": "MIT",
      "dependencies": {
        "node-addon-api": "^8.2.2",
        "node-gyp-build": "^4.8.2"
      },
      "peerDependencies": {
        "tree-sitter": "^0.21.1"
      },
      "peerDependenciesMeta": {
        "tree-sitter": {
          "optional": true
        }
      }
    },
    "node_modules/tree-sitter-java": {
      "version": "0.23.5",
      "resolved": "https://registry.npmjs.org/tree-sitter-java/-/tree-sitter-java-0.23.5.tgz",
      "integrity": "sha512-Yju7oQ0Xx7GcUT01mUglPP+bYfvqjNCGdxqigTnew9nLGoII42PNVP3bHrYeMxswiCRM0yubWmN5qk+zsg0zMA==",
      "dev": true,
      "hasInstallScript": true,
      "license": "MIT",
      "dependencies": {
        "node-addon-api": "^8.2.2",
        "node-gyp-build": "^4.8.2"
      },
      "peerDependencies": {
        "tree-sitter": "^0.21.1"
      },
      "peerDependenciesMeta": {
        "tree-sitter": {
          "optional": true
        }
      }
    },
    "node_modules/tree-sitter-javascript": {
      "version": "0.25.0",
      "resolved": "https://registry.npmjs.org/tree-sitter-javascript/-/tree-sitter-javascript-0.25.0.tgz",
      "integrity": "sha512-1fCbmzAskZkxcZzN41sFZ2br2iqTYP3tKls1b/HKGNPQUVOpsUxpmGxdN/wMqAk3jYZnYBR1dd/y/0avMeU7dw==",
      "dev": true,
      "hasInstallScript": true,
      "license": "MIT",
      "dependencies": {
        "node-addon-api": "^8.3.1",
        "node-gyp-build": "^4.8.4"
      },
      "peerDependencies": {
        "tree-sitter": "^0.25.0"
      },
      "peerDependenciesMeta": {
        "tree-sitter": {
          "optional": true
        }
      }
    },
    "node_modules/tree-sitter-php": {
      "version": "0.24.2",
      "resolved": "https://registry.npmjs.org/tree-sitter-php/-/tree-sitter-php-0.24.2.tgz",
      "integrity": "sha512-zwgAePc/HozNaWOOfwRAA+3p8yhuehRw8Fb7vn5qd2XjiIc93uJPryDTMYTSjBRjVIUg/KY6pM3rRzs8dSwKfw==",
      "dev": true,
      "hasInstallScript": true,
      "license": "MIT",
      "dependencies": {
        "node-addon-api": "^8.2.2",
        "node-gyp-build": "^4.8.2"
      },
      "peerDependencies": {
        "tree-sitter": "^0.22.4"
      },
      "peerDependenciesMeta": {
        "tree-sitter": {
          "optional": true
        }
      }
    },
    "node_modules/tree-sitter-python": {
      "version": "0.25.0",
      "resolved": "https://registry.npmjs.org/tree-sitter-python/-/tree-sitter-python-0.25.0.tgz",
      "integrity": "sha512-eCmJx6zQa35GxaCtQD+wXHOhYqBxEL+bp71W/s3fcDMu06MrtzkVXR437dRrCrbrDbyLuUDJpAgycs7ncngLXw==",
      "dev": true,
      "hasInstallScript": true,
      "license": "MIT",
      "dependencies": {
        "node-addon-api": "^8.5.0",
        "node-gyp-build": "^4.8.4"
      },
      "peerDependencies": {
        "tree-sitter": "^0.25.0"
      },
      "peerDependenciesMeta": {
        "tree-sitter": {
          "optional": true
        }
      }
    },
    "node_modules/tree-sitter-ruby": {
      "version": "0.23.1",
      "resolved": "https://registry.npmjs.org/tree-sitter-ruby/-/tree-sitter-ruby-0.23.1.tgz",
      "integrity": "sha512-d9/RXgWjR6HanN7wTYhS5bpBQLz1VkH048Vm3CodPGyJVnamXMGb8oEhDypVCBq4QnHui9sTXuJBBP3WtCw5RA==",
      "dev": true,
      "hasInstallScript": true,
      "license": "MIT",
      "dependencies": {
        "node-addon-api": "^8.2.2",
        "node-gyp-build": "^4.8.2"
      },
      "peerDependencies": {
        "tree-sitter": "^0.21.1"
      },
      "peerDependenciesMeta": {
        "tree-sitter": {
          "optional": true
        }
      }
    },
    "node_modules/tree-sitter-rust": {
      "version": "0.24.0",
      "resolved": "https://registry.npmjs.org/tree-sitter-rust/-/tree-sitter-rust-0.24.0.tgz",
      "integrity": "sha512-NWemUDf629Tfc90Y0Z55zuwPCAHkLxWnMf2RznYu4iBkkrQl2o/CHGB7Cr52TyN5F1DAx8FmUnDtCy9iUkXZEQ==",
      "dev": true,
      "hasInstallScript": true,
      "license": "MIT",
      "dependencies": {
        "node-addon-api": "^8.2.2",
        "node-gyp-build": "^4.8.4"
      },
      "peerDependencies": {
        "tree-sitter": "^0.22.1"
      },
      "peerDependenciesMeta": {
        "tree-sitter": {
          "optional": true
        }
      }
    },
    "node_modules/tree-sitter-scala": {
      "version": "0.24.0",
      "resolved": "https://registry.npmjs.org/tree-sitter-scala/-/tree-sitter-scala-0.24.0.tgz",
      "integrity": "sha512-vkMuAUrBZ1zZz2XcGDQk18Kz73JkpgaeXzbNVobPke0G35sd9jH32aUxG6OLRKM7et0TbsfqkWf4DeJoGk4K1g==",
      "dev": true,
      "hasInstallScript": true,
      "license": "MIT",
      "dependencies": {
        "node-addon-api": "^8.2.2",
        "node-gyp-build": "^4.8.2"
      },
      "peerDependencies": {
        "tree-sitter": "^0.21.1"
      },
      "peerDependenciesMeta": {
        "tree-sitter": {
          "optional": true
        }
      }
    },
    "node_modules/tree-sitter-solidity": {
      "version": "1.2.13",
      "resolved": "https://registry.npmjs.org/tree-sitter-solidity/-/tree-sitter-solidity-1.2.13.tgz",
      "integrity": "sha512-nO2AbcAuz2Qba8JnPNe/3FVjRRvGY3ApxSJ8UPIzfynJm4PYCMbBoXxxbprvMgjCbGYR/ZrHGIPKzXV7zBa+lQ==",
      "dev": true,
      "hasInstallScript": true,
      "license": "MIT",
      "dependencies": {
        "node-addon-api": "^8.2.2",
        "node-gyp-build": "^4.8.2",
        "yarn": "^1.22.21"
      },
      "peerDependencies": {
        "tree-sitter": "^0.25.0"
      },
      "peerDependenciesMeta": {
        "tree_sitter": {
          "optional": true
        }
      }
    },
    "node_modules/tree-sitter-swift": {
      "version": "0.7.1",
      "resolved": "https://registry.npmjs.org/tree-sitter-swift/-/tree-sitter-swift-0.7.1.tgz",
      "integrity": "sha512-pneKVTuGamaBsqqqfB9BvNQjktzh/0IVPR54jLB5Fq/JTDQwYHd0Wo6pVyZ5jAYpbztzq+rJ/rpL9ruxTmSoKw==",
      "dev": true,
      "hasInstallScript": true,
      "license": "MIT",
      "dependencies": {
        "node-addon-api": "^8.0.0",
        "node-gyp-build": "^4.8.0",
        "tree-sitter-cli": "^0.23",
        "which": "2.0.2"
      },
      "peerDependencies": {
        "tree-sitter": "^0.22.1"
      },
      "peerDependenciesMeta": {
        "tree_sitter": {
          "optional": true
        }
      }
    },
    "node_modules/tree-sitter-typescript": {
      "version": "0.23.2",
      "resolved": "https://registry.npmjs.org/tree-sitter-typescript/-/tree-sitter-typescript-0.23.2.tgz",
      "integrity": "sha512-e04JUUKxTT53/x3Uq1zIL45DoYKVfHH4CZqwgZhPg5qYROl5nQjV+85ruFzFGZxu+QeFVbRTPDRnqL9UbU4VeA==",
      "dev": true,
      "hasInstallScript": true,
      "license": "MIT",
      "dependencies": {
        "node-addon-api": "^8.2.2",
        "node-gyp-build": "^4.8.2",
        "tree-sitter-javascript": "^0.23.1"
      },
      "peerDependencies": {
        "tree-sitter": "^0.21.0"
      },
      "peerDependenciesMeta": {
        "tree-sitter": {
          "optional": true
        }
      }
    },
    "node_modules/tree-sitter-typescript/node_modules/tree-sitter-javascript": {
      "version": "0.23.1",
      "resolved": "https://registry.npmjs.org/tree-sitter-javascript/-/tree-sitter-javascript-0.23.1.tgz",
      "integrity": "sha512-/bnhbrTD9frUYHQTiYnPcxyHORIw157ERBa6dqzaKxvR/x3PC4Yzd+D1pZIMS6zNg2v3a8BZ0oK7jHqsQo9fWA==",
      "dev": true,
      "hasInstallScript": true,
      "license": "MIT",
      "dependencies": {
        "node-addon-api": "^8.2.2",
        "node-gyp-build": "^4.8.2"
      },
      "peerDependencies": {
        "tree-sitter": "^0.21.1"
      },
      "peerDependenciesMeta": {
        "tree-sitter": {
          "optional": true
        }
      }
    },
    "node_modules/web-tree-sitter": {
      "version": "0.26.13",
      "resolved": "https://registry.npmjs.org/web-tree-sitter/-/web-tree-sitter-0.26.13.tgz",
      "integrity": "sha512-5bUZ7vbQ1kcondet96wzP974+JfCZDeQ7bTpacICm2nnvHpa5cO0ByRsoMcAhUP+743vpkb4m0BFlVSm+Ye9VA==",
      "dev": true,
      "license": "MIT"
    },
    "node_modules/which": {
      "version": "2.0.2",
      "resolved": "https://registry.npmjs.org/which/-/which-2.0.2.tgz",
      "integrity": "sha512-BLI3Tl1TW3Pvl70l3yq3Y64i+awpwXqsGBYWkkqMtnbXgrMD+yj7rhW0kuEDxzJaYXGjEW5ogapKNMEKNMjibA==",
      "dev": true,
      "license": "ISC",
      "dependencies": {
        "isexe": "^2.0.0"
      },
      "bin": {
        "node-which": "bin/node-which"
      },
      "engines": {
        "node": ">= 8"
      }
    },
    "node_modules/yarn": {
      "version": "1.22.22",
      "resolved": "https://registry.npmjs.org/yarn/-/yarn-1.22.22.tgz",
      "integrity": "sha512-prL3kGtyG7o9Z9Sv8IPfBNrWTDmXB4Qbes8A9rEzt6wkJV8mUvoirjU0Mp3GGAU06Y0XQyA3/2/RQFVuK7MTfg==",
      "dev": true,
      "hasInstallScript": true,
      "license": "BSD-2-Clause",
      "bin": {
        "yarn": "bin/yarn.js",
        "yarnpkg": "bin/yarn.js"
      },
      "engines": {
        "node": ">=4.0.0"
      }
    }
  }
}
